
Microsoft Visual Studio Solution File, Format Version 12.00
# Visual Studio Version 17
VisualStudioVersion = 17.4.33122.133
MinimumVisualStudioVersion = 10.0.40219.1
Project("{FAE04EC0-301F-11D3-BF4B-00C04F79EFBC}") = "NewsletterApi", "NewsletterApi\NewsletterApi.csproj", "{64C9C6BC-5A69-455C-B0C8-CAEFFDC33B59}"
EndProject
Global
	GlobalSection(SolutionConfigurationPlatforms) = preSolution
		Debug|Any CPU = Debug|Any CPU
		Release|Any CPU = Release|Any CPU
	EndGlobalSection
	GlobalSection(ProjectConfigurationPlatforms) = postSolution
		{64C9C6BC-5A69-455C-B0C8-CAEFFDC33B59}.Debug|Any CPU.ActiveCfg = Debug|Any CPU
		{64C9C6BC-5A69-455C-B0C8-CAEFFDC33B59}.Debug|Any CPU.Build.0 = Debug|Any CPU
		{64C9C6BC-5A69-455C-B0C8-CAEFFDC33B59}.Release|Any CPU.ActiveCfg = Release|Any CPU
		{64C9C6BC-5A69-455C-B0C8-CAEFFDC33B59}.Release|Any CPU.Build.0 = Release|Any CPU
	EndGlobalSection
	GlobalSection(SolutionProperties) = preSolution
		HideSolutionNode = FALSE
	EndGlobalSection
	GlobalSection(ExtensibilityGlobals) = postSolution
		SolutionGuid = {4767090E-3013-4158-9BE4-5B3E4C914BB3}
	EndGlobalSection
EndGlobal
